{
  "version": 4,
  "terraform_version": "1.13.2",
  "serial": 12,
  "lineage": "6fc52c63-9f66-b7fd-b761-ed56c71840f8",
  "outputs": {},
  "resources": [
    {
      "mode": "managed",
      "type": "azurerm_resource_group",
      "name": "example",
      "provider": "provider[\"registry.terraform.io/hashicorp/azurerm\"]",
      "instances": [
        {
          "schema_version": 0,
          "attributes": {
            "id": "/subscriptions/eb638095-1683-4289-bdc3-cffc016329d8/resourceGroups/rg-it-cc-tf-1",
            "location": "canadacentral",
            "managed_by": "",
            "name": "rg-it-cc-tf-1",
            "tags": {
              "Environment": "Sandbox",
              "Owner": "Amir",
              "Project": "IT-TF"
            },
            "timeouts": null
          },
          "sensitive_attributes": [],
          "identity_schema_version": 0,
          "private": "eyJlMmJmYjczMC1lY2FhLTExZTYtOGY4OC0zNDM2M2JjN2M0YzAiOnsiY3JlYXRlIjo1NDAwMDAwMDAwMDAwLCJkZWxldGUiOjU0MDAwMDAwMDAwMDAsInJlYWQiOjMwMDAwMDAwMDAwMCwidXBkYXRlIjo1NDAwMDAwMDAwMDAwfX0="
        }
      ]
    },
    {
      "mode": "managed",
      "type": "azurerm_storage_account",
      "name": "example",
      "provider": "provider[\"registry.terraform.io/hashicorp/azurerm\"]",
      "instances": [
        {
          "schema_version": 4,
          "attributes": {
            "access_tier": "Hot",
            "account_kind": "StorageV2",
            "account_replication_type": "LRS",
            "account_tier": "Standard",
            "allow_nested_items_to_be_public": true,
            "allowed_copy_scope": "",
            "azure_files_authentication": [],
            "blob_properties": [
              {
                "change_feed_enabled": false,
                "change_feed_retention_in_days": 0,
                "container_delete_retention_policy": [],
                "cors_rule": [],
                "default_service_version": "",
                "delete_retention_policy": [],
                "last_access_time_enabled": false,
                "restore_policy": [],
                "versioning_enabled": false
              }
            ],
            "cross_tenant_replication_enabled": false,
            "custom_domain": [],
            "customer_managed_key": [],
            "default_to_oauth_authentication": false,
            "dns_endpoint_type": "Standard",
            "edge_zone": "",
            "https_traffic_only_enabled": true,
            "id": "/subscriptions/eb638095-1683-4289-bdc3-cffc016329d8/resourceGroups/rg-it-cc-tf-1/providers/Microsoft.Storage/storageAccounts/examplestoracct70189",
            "identity": [],
            "immutability_policy": [],
            "infrastructure_encryption_enabled": false,
            "is_hns_enabled": false,
            "large_file_share_enabled": false,
            "local_user_enabled": true,
            "location": "canadacentral",
            "min_tls_version": "TLS1_2",
            "name": "examplestoracct70189",
            "network_rules": [],
            "nfsv3_enabled": false,
            "primary_access_key": "+90pkqtk0mWcwJcwDvozTYhDz+Si00TUskTKD3Fqtgb5bX0Va6Rw1k+bvP8Pec3l/vmeGs1ODW9T+AStiZSx+A==",
            "primary_blob_connection_string": "DefaultEndpointsProtocol=https;BlobEndpoint=https://examplestoracct70189.blob.core.windows.net/;AccountName=examplestoracct70189;AccountKey=+90pkqtk0mWcwJcwDvozTYhDz+Si00TUskTKD3Fqtgb5bX0Va6Rw1k+bvP8Pec3l/vmeGs1ODW9T+AStiZSx+A==",
            "primary_blob_endpoint": "https://examplestoracct70189.blob.core.windows.net/",
            "primary_blob_host": "examplestoracct70189.blob.core.windows.net",
            "primary_blob_internet_endpoint": "",
            "primary_blob_internet_host": "",
            "primary_blob_microsoft_endpoint": "",
            "primary_blob_microsoft_host": "",
            "primary_connection_string": "DefaultEndpointsProtocol=https;AccountName=examplestoracct70189;AccountKey=+90pkqtk0mWcwJcwDvozTYhDz+Si00TUskTKD3Fqtgb5bX0Va6Rw1k+bvP8Pec3l/vmeGs1ODW9T+AStiZSx+A==;EndpointSuffix=core.windows.net",
            "primary_dfs_endpoint": "https://examplestoracct70189.dfs.core.windows.net/",
            "primary_dfs_host": "examplestoracct70189.dfs.core.windows.net",
            "primary_dfs_internet_endpoint": "",
            "primary_dfs_internet_host": "",
            "primary_dfs_microsoft_endpoint": "",
            "primary_dfs_microsoft_host": "",
            "primary_file_endpoint": "https://examplestoracct70189.file.core.windows.net/",
            "primary_file_host": "examplestoracct70189.file.core.windows.net",
            "primary_file_internet_endpoint": "",
            "primary_file_internet_host": "",
            "primary_file_microsoft_endpoint": "",
            "primary_file_microsoft_host": "",
            "primary_location": "canadacentral",
            "primary_queue_endpoint": "https://examplestoracct70189.queue.core.windows.net/",
            "primary_queue_host": "examplestoracct70189.queue.core.windows.net",
            "primary_queue_microsoft_endpoint": "",
            "primary_queue_microsoft_host": "",
            "primary_table_endpoint": "https://examplestoracct70189.table.core.windows.net/",
            "primary_table_host": "examplestoracct70189.table.core.windows.net",
            "primary_table_microsoft_endpoint": "",
            "primary_table_microsoft_host": "",
            "primary_web_endpoint": "https://examplestoracct70189.z9.web.core.windows.net/",
            "primary_web_host": "examplestoracct70189.z9.web.core.windows.net",
            "primary_web_internet_endpoint": "",
            "primary_web_internet_host": "",
            "primary_web_microsoft_endpoint": "",
            "primary_web_microsoft_host": "",
            "provisioned_billing_model_version": "",
            "public_network_access_enabled": true,
            "queue_encryption_key_type": "Service",
            "queue_properties": [
              {
                "cors_rule": [],
                "hour_metrics": [
                  {
                    "enabled": false,
                    "include_apis": false,
                    "retention_policy_days": 0,
                    "version": "1.0"
                  }
                ],
                "logging": [
                  {
                    "delete": false,
                    "read": false,
                    "retention_policy_days": 0,
                    "version": "1.0",
                    "write": false
                  }
                ],
                "minute_metrics": [
                  {
                    "enabled": false,
                    "include_apis": false,
                    "retention_policy_days": 0,
                    "version": "1.0"
                  }
                ]
              }
            ],
            "resource_group_name": "rg-it-cc-tf-1",
            "routing": [],
            "sas_policy": [],
            "secondary_access_key": "BlEiVnX8lfY0yxo0HOshA8cxdQwK6eGwtYe/3GBuQLBSmMffR3+R02Q7KgKXQ0427R1iESAF1DgD+AStvu8npg==",
            "secondary_blob_connection_string": "",
            "secondary_blob_endpoint": "",
            "secondary_blob_host": "",
            "secondary_blob_internet_endpoint": "",
            "secondary_blob_internet_host": "",
            "secondary_blob_microsoft_endpoint": "",
            "secondary_blob_microsoft_host": "",
            "secondary_connection_string": "DefaultEndpointsProtocol=https;AccountName=examplestoracct70189;AccountKey=BlEiVnX8lfY0yxo0HOshA8cxdQwK6eGwtYe/3GBuQLBSmMffR3+R02Q7KgKXQ0427R1iESAF1DgD+AStvu8npg==;EndpointSuffix=core.windows.net",
            "secondary_dfs_endpoint": "",
            "secondary_dfs_host": "",
            "secondary_dfs_internet_endpoint": "",
            "secondary_dfs_internet_host": "",
            "secondary_dfs_microsoft_endpoint": "",
            "secondary_dfs_microsoft_host": "",
            "secondary_file_endpoint": "",
            "secondary_file_host": "",
            "secondary_file_internet_endpoint": "",
            "secondary_file_internet_host": "",
            "secondary_file_microsoft_endpoint": "",
            "secondary_file_microsoft_host": "",
            "secondary_location": "",
            "secondary_queue_endpoint": "",
            "secondary_queue_host": "",
            "secondary_queue_microsoft_endpoint": "",
            "secondary_queue_microsoft_host": "",
            "secondary_table_endpoint": "",
            "secondary_table_host": "",
            "secondary_table_microsoft_endpoint": "",
            "secondary_table_microsoft_host": "",
            "secondary_web_endpoint": "",
            "secondary_web_host": "",
            "secondary_web_internet_endpoint": "",
            "secondary_web_internet_host": "",
            "secondary_web_microsoft_endpoint": "",
            "secondary_web_microsoft_host": "",
            "sftp_enabled": false,
            "share_properties": [
              {
                "cors_rule": [],
                "retention_policy": [
                  {
                    "days": 7
                  }
                ],
                "smb": []
              }
            ],
            "shared_access_key_enabled": true,
            "static_website": [],
            "table_encryption_key_type": "Service",
            "tags": null,
            "timeouts": null
          },
          "sensitive_attributes": [
            [
              {
                "type": "get_attr",
                "value": "primary_access_key"
              }
            ],
            [
              {
                "type": "get_attr",
                "value": "primary_blob_connection_string"
              }
            ],
            [
              {
                "type": "get_attr",
                "value": "primary_connection_string"
              }
            ],
            [
              {
                "type": "get_attr",
                "value": "secondary_access_key"
              }
            ],
            [
              {
                "type": "get_attr",
                "value": "secondary_blob_connection_string"
              }
            ],
            [
              {
                "type": "get_attr",
                "value": "secondary_connection_string"
              }
            ]
          ],
          "identity_schema_version": 0,
          "identity": {
            "name": "examplestoracct70189",
            "resource_group_name": "rg-it-cc-tf-1",
            "subscription_id": "eb638095-1683-4289-bdc3-cffc016329d8"
          },
          "private": "eyJlMmJmYjczMC1lY2FhLTExZTYtOGY4OC0zNDM2M2JjN2M0YzAiOnsiY3JlYXRlIjozNjAwMDAwMDAwMDAwLCJkZWxldGUiOjM2MDAwMDAwMDAwMDAsInJlYWQiOjMwMDAwMDAwMDAwMCwidXBkYXRlIjozNjAwMDAwMDAwMDAwfSwic2NoZW1hX3ZlcnNpb24iOiI0In0=",
          "dependencies": [
            "azurerm_resource_group.example",
            "random_integer.suffix"
          ]
        }
      ]
    },
    {
      "mode": "managed",
      "type": "random_integer",
      "name": "suffix",
      "provider": "provider[\"registry.terraform.io/hashicorp/random\"]",
      "instances": [
        {
          "schema_version": 0,
          "attributes": {
            "id": "70189",
            "keepers": null,
            "max": 99999,
            "min": 10000,
            "result": 70189,
            "seed": null
          },
          "sensitive_attributes": [],
          "identity_schema_version": 0
        }
      ]
    }
  ],
  "check_results": null
}
